
Microsoft Visual Studio Solution File, Format Version 12.00
# Visual Studio Version 16
VisualStudioVersion = 16.0.31229.75
MinimumVisualStudioVersion = 10.0.40219.1
Project("{FAE04EC0-301F-11D3-BF4B-00C04F79EFBC}") = "Lab6", "Lab6.csproj", "{A0EF4435-E18C-4A47-97EB-D0B211C34CDE}"
EndProject
Global
	GlobalSection(SolutionConfigurationPlatforms) = preSolution
		Debug|Any CPU = Debug|Any CPU
		Release|Any CPU = Release|Any CPU
	EndGlobalSection
	GlobalSection(ProjectConfigurationPlatforms) = postSolution
		{A0EF4435-E18C-4A47-97EB-D0B211C34CDE}.Debug|Any CPU.ActiveCfg = Debug|Any CPU
		{A0EF4435-E18C-4A47-97EB-D0B211C34CDE}.Debug|Any CPU.Build.0 = Debug|Any CPU
		{A0EF4435-E18C-4A47-97EB-D0B211C34CDE}.Release|Any CPU.ActiveCfg = Release|Any CPU
		{A0EF4435-E18C-4A47-97EB-D0B211C34CDE}.Release|Any CPU.Build.0 = Release|Any CPU
	EndGlobalSection
	GlobalSection(SolutionProperties) = preSolution
		HideSolutionNode = FALSE
	EndGlobalSection
	GlobalSection(ExtensibilityGlobals) = postSolution
		SolutionGuid = {65FF203F-3F7F-4863-ACD4-F4714ACAA1E5}
	EndGlobalSection
EndGlobal
